
Microsoft Visual Studio Solution File, Format Version 12.00
Project("{2150E333-8FDC-42A3-9474-1A3956D46DE8}") = "Development", "Development", "{EBA82BA3-A011-420B-B821-35D67ADC2DEF}"
EndProject
Project("{2150E333-8FDC-42A3-9474-1A3956D46DE8}") = "Execution", "Execution", "{E38932CC-5874-4D00-B017-BDF04B76339B}"
EndProject
Project("{FAE04EC0-301F-11D3-BF4B-00C04F79EFBC}") = "MoMo.AdamApi", "MoMo.AdamApi\MoMo.AdamApi.csproj", "{76008DC9-61C4-4316-ABBE-F7B73EF435C0}"
EndProject
Project("{FAE04EC0-301F-11D3-BF4B-00C04F79EFBC}") = "MoMo.EveApi", "MoMo.EveApi\MoMo.EveApi.csproj", "{744AC5F8-ACDB-4F2A-BDD1-BE94C2D7FDD3}"
EndProject
Project("{2150E333-8FDC-42A3-9474-1A3956D46DE8}") = "Data", "Data", "{38CC95E9-8789-432E-9F9C-80DAD6A1AE56}"
EndProject
Project("{2150E333-8FDC-42A3-9474-1A3956D46DE8}") = "Business", "Business", "{AD41832F-CF5F-4DC8-B68D-93B78BC96E2B}"
EndProject
Project("{FAE04EC0-301F-11D3-BF4B-00C04F79EFBC}") = "MoMo.BusinessLogic", "MoMo.BusinessLogic\MoMo.BusinessLogic.csproj", "{458B6987-7F52-40AC-B89C-0E7328ACB7F0}"
EndProject
Project("{FAE04EC0-301F-11D3-BF4B-00C04F79EFBC}") = "MoMo.DataAccess", "MoMo.DataAccess\MoMo.DataAccess.csproj", "{C909F402-6B7D-4698-9147-2A35D067B8EA}"
EndProject
Project("{2150E333-8FDC-42A3-9474-1A3956D46DE8}") = "Solution Items", "Solution Items", "{99BAE747-3992-41AC-BB0B-7497CB794A73}"
	ProjectSection(SolutionItems) = preProject
		docker-compose.yml = docker-compose.yml
	EndProjectSection
EndProject
Global
	GlobalSection(SolutionConfigurationPlatforms) = preSolution
		Debug|Any CPU = Debug|Any CPU
		Release|Any CPU = Release|Any CPU
	EndGlobalSection
	GlobalSection(NestedProjects) = preSolution
		{76008DC9-61C4-4316-ABBE-F7B73EF435C0} = {E38932CC-5874-4D00-B017-BDF04B76339B}
		{744AC5F8-ACDB-4F2A-BDD1-BE94C2D7FDD3} = {E38932CC-5874-4D00-B017-BDF04B76339B}
		{38CC95E9-8789-432E-9F9C-80DAD6A1AE56} = {EBA82BA3-A011-420B-B821-35D67ADC2DEF}
		{AD41832F-CF5F-4DC8-B68D-93B78BC96E2B} = {EBA82BA3-A011-420B-B821-35D67ADC2DEF}
		{458B6987-7F52-40AC-B89C-0E7328ACB7F0} = {AD41832F-CF5F-4DC8-B68D-93B78BC96E2B}
		{C909F402-6B7D-4698-9147-2A35D067B8EA} = {38CC95E9-8789-432E-9F9C-80DAD6A1AE56}
	EndGlobalSection
	GlobalSection(ProjectConfigurationPlatforms) = postSolution
		{76008DC9-61C4-4316-ABBE-F7B73EF435C0}.Debug|Any CPU.ActiveCfg = Debug|Any CPU
		{76008DC9-61C4-4316-ABBE-F7B73EF435C0}.Debug|Any CPU.Build.0 = Debug|Any CPU
		{76008DC9-61C4-4316-ABBE-F7B73EF435C0}.Release|Any CPU.ActiveCfg = Release|Any CPU
		{76008DC9-61C4-4316-ABBE-F7B73EF435C0}.Release|Any CPU.Build.0 = Release|Any CPU
		{744AC5F8-ACDB-4F2A-BDD1-BE94C2D7FDD3}.Debug|Any CPU.ActiveCfg = Debug|Any CPU
		{744AC5F8-ACDB-4F2A-BDD1-BE94C2D7FDD3}.Debug|Any CPU.Build.0 = Debug|Any CPU
		{744AC5F8-ACDB-4F2A-BDD1-BE94C2D7FDD3}.Release|Any CPU.ActiveCfg = Release|Any CPU
		{744AC5F8-ACDB-4F2A-BDD1-BE94C2D7FDD3}.Release|Any CPU.Build.0 = Release|Any CPU
		{458B6987-7F52-40AC-B89C-0E7328ACB7F0}.Debug|Any CPU.ActiveCfg = Debug|Any CPU
		{458B6987-7F52-40AC-B89C-0E7328ACB7F0}.Debug|Any CPU.Build.0 = Debug|Any CPU
		{458B6987-7F52-40AC-B89C-0E7328ACB7F0}.Release|Any CPU.ActiveCfg = Release|Any CPU
		{458B6987-7F52-40AC-B89C-0E7328ACB7F0}.Release|Any CPU.Build.0 = Release|Any CPU
		{C909F402-6B7D-4698-9147-2A35D067B8EA}.Debug|Any CPU.ActiveCfg = Debug|Any CPU
		{C909F402-6B7D-4698-9147-2A35D067B8EA}.Debug|Any CPU.Build.0 = Debug|Any CPU
		{C909F402-6B7D-4698-9147-2A35D067B8EA}.Release|Any CPU.ActiveCfg = Release|Any CPU
		{C909F402-6B7D-4698-9147-2A35D067B8EA}.Release|Any CPU.Build.0 = Release|Any CPU
	EndGlobalSection
EndGlobal
